
Microsoft Visual Studio Solution File, Format Version 12.00
# Visual Studio 15
VisualStudioVersion = 15.0.27703.2000
MinimumVisualStudioVersion = 10.0.40219.1
Project("{FAE04EC0-301F-11D3-BF4B-00C04F79EFBC}") = "WorkShopCore", "WorkShopCore\WorkShopCore.csproj", "{0772D038-59FD-4296-8164-F849D0F4E262}"
EndProject
Global
	GlobalSection(SolutionConfigurationPlatforms) = preSolution
		Debug|Any CPU = Debug|Any CPU
		Release|Any CPU = Release|Any CPU
	EndGlobalSection
	GlobalSection(ProjectConfigurationPlatforms) = postSolution
		{0772D038-59FD-4296-8164-F849D0F4E262}.Debug|Any CPU.ActiveCfg = Debug|Any CPU
		{0772D038-59FD-4296-8164-F849D0F4E262}.Debug|Any CPU.Build.0 = Debug|Any CPU
		{0772D038-59FD-4296-8164-F849D0F4E262}.Release|Any CPU.ActiveCfg = Release|Any CPU
		{0772D038-59FD-4296-8164-F849D0F4E262}.Release|Any CPU.Build.0 = Release|Any CPU
	EndGlobalSection
	GlobalSection(SolutionProperties) = preSolution
		HideSolutionNode = FALSE
	EndGlobalSection
	GlobalSection(ExtensibilityGlobals) = postSolution
		SolutionGuid = {1972E316-CE4C-4652-A1AB-04D6521B45E4}
	EndGlobalSection
EndGlobal
